// !$*UTF8*$!
{
	archiveVersion = 1;
	classes = {
	};
	objectVersion = 55;
	objects = {

/* Begin PBXBuildFile section */
		1630261B27A324A6000818DE /* NetworkMonitor.swift in Sources */ = {isa = PBXBuildFile; fileRef = 1630261A27A324A6000818DE /* NetworkMonitor.swift */; };
		1633974E27A1178F00771895 /* OpenWeatherAPIClient.swift in Sources */ = {isa = PBXBuildFile; fileRef = 1633974D27A1178F00771895 /* OpenWeatherAPIClient.swift */; };
		1633975027A11BFB00771895 /* APIResponseError.swift in Sources */ = {isa = PBXBuildFile; fileRef = 1633974F27A11BFB00771895 /* APIResponseError.swift */; };
		1633975327A1289900771895 /* CurrentWeatherViewModel.swift in Sources */ = {isa = PBXBuildFile; fileRef = 1633975227A1289900771895 /* CurrentWeatherViewModel.swift */; };
		1633975527A12B0F00771895 /* City.swift in Sources */ = {isa = PBXBuildFile; fileRef = 1633975427A12B0F00771895 /* City.swift */; };
		1633975727A12E3700771895 /* supporting-city-list.json in Resources */ = {isa = PBXBuildFile; fileRef = 1633975627A12E3700771895 /* supporting-city-list.json */; };
		1649DA3A27A3DB3800FEC2F4 /* CurrentWeatherViewModelDelegate.swift in Sources */ = {isa = PBXBuildFile; fileRef = 1649DA3927A3DB3800FEC2F4 /* CurrentWeatherViewModelDelegate.swift */; };
		1649DA3C27A4193800FEC2F4 /* ForecastViewControllerAction.swift in Sources */ = {isa = PBXBuildFile; fileRef = 1649DA3B27A4193800FEC2F4 /* ForecastViewControllerAction.swift */; };
		1649DA3E27A44F4900FEC2F4 /* ForecastViewModelDelegate.swift in Sources */ = {isa = PBXBuildFile; fileRef = 1649DA3D27A44F4900FEC2F4 /* ForecastViewModelDelegate.swift */; };
		16CA8D0727A191C400871E9E /* WeatherGraphView.swift in Sources */ = {isa = PBXBuildFile; fileRef = 16CA8D0627A191C400871E9E /* WeatherGraphView.swift */; };
		16CA8D0927A1A98800871E9E /* ForecastViewModel.swift in Sources */ = {isa = PBXBuildFile; fileRef = 16CA8D0827A1A98800871E9E /* ForecastViewModel.swift */; };
		16CA8D0C27A1AE5900871E9E /* ForecastViewControllerSetup.swift in Sources */ = {isa = PBXBuildFile; fileRef = 16CA8D0B27A1AE5900871E9E /* ForecastViewControllerSetup.swift */; };
		16CA8D0F27A272B800871E9E /* UserDefaultsKey.swift in Sources */ = {isa = PBXBuildFile; fileRef = 16CA8D0E27A272B800871E9E /* UserDefaultsKey.swift */; };
		16D6506427A154A7005DCEDB /* DetailedWeatherViewController.swift in Sources */ = {isa = PBXBuildFile; fileRef = 16D6506327A154A7005DCEDB /* DetailedWeatherViewController.swift */; };
		16D6506627A154D0005DCEDB /* DetailedWeatherViewController.storyboard in Resources */ = {isa = PBXBuildFile; fileRef = 16D6506527A154D0005DCEDB /* DetailedWeatherViewController.storyboard */; };
		16D6506927A16026005DCEDB /* DetailedWeatherTableViewDatasource.swift in Sources */ = {isa = PBXBuildFile; fileRef = 16D6506827A16026005DCEDB /* DetailedWeatherTableViewDatasource.swift */; };
		16D6506C27A1608D005DCEDB /* DetailedWeatherViewControllerSetup.swift in Sources */ = {isa = PBXBuildFile; fileRef = 16D6506B27A1608D005DCEDB /* DetailedWeatherViewControllerSetup.swift */; };
		16D6506E27A160FC005DCEDB /* DetailedWeatherInfoCell.swift in Sources */ = {isa = PBXBuildFile; fileRef = 16D6506D27A160FC005DCEDB /* DetailedWeatherInfoCell.swift */; };
		16D6507027A162A3005DCEDB /* CurrentWeatherTableViewCell.swift in Sources */ = {isa = PBXBuildFile; fileRef = 16D6506F27A162A3005DCEDB /* CurrentWeatherTableViewCell.swift */; };
		16D6507227A167F7005DCEDB /* DetailedWeatherTableViewDelegate.swift in Sources */ = {isa = PBXBuildFile; fileRef = 16D6507127A167F7005DCEDB /* DetailedWeatherTableViewDelegate.swift */; };
		16D6507427A1855D005DCEDB /* CityListViewControllerAction.swift in Sources */ = {isa = PBXBuildFile; fileRef = 16D6507327A1855D005DCEDB /* CityListViewControllerAction.swift */; };
		16D6507727A188B5005DCEDB /* ForecastViewController.swift in Sources */ = {isa = PBXBuildFile; fileRef = 16D6507627A188B5005DCEDB /* ForecastViewController.swift */; };
		16D6507927A188C1005DCEDB /* ForecastViewController.storyboard in Resources */ = {isa = PBXBuildFile; fileRef = 16D6507827A188C1005DCEDB /* ForecastViewController.storyboard */; };
		16D6534727A0E83900716509 /* AppDelegate.swift in Sources */ = {isa = PBXBuildFile; fileRef = 16D6534627A0E83900716509 /* AppDelegate.swift */; };
		16D6534927A0E83900716509 /* SceneDelegate.swift in Sources */ = {isa = PBXBuildFile; fileRef = 16D6534827A0E83900716509 /* SceneDelegate.swift */; };
		16D6534E27A0E83900716509 /* Main.storyboard in Resources */ = {isa = PBXBuildFile; fileRef = 16D6534C27A0E83900716509 /* Main.storyboard */; };
		16D6535027A0E83A00716509 /* Assets.xcassets in Resources */ = {isa = PBXBuildFile; fileRef = 16D6534F27A0E83A00716509 /* Assets.xcassets */; };
		16D6535327A0E83A00716509 /* LaunchScreen.storyboard in Resources */ = {isa = PBXBuildFile; fileRef = 16D6535127A0E83A00716509 /* LaunchScreen.storyboard */; };
		16D6535E27A0EFA500716509 /* CityListViewController.swift in Sources */ = {isa = PBXBuildFile; fileRef = 16D6535D27A0EFA500716509 /* CityListViewController.swift */; };
		16D6536127A0F87100716509 /* APIResponse.swift in Sources */ = {isa = PBXBuildFile; fileRef = 16D6536027A0F87100716509 /* APIResponse.swift */; };
		16D6536527A10E9A00716509 /* CityListViewControllerSetup.swift in Sources */ = {isa = PBXBuildFile; fileRef = 16D6536427A10E9A00716509 /* CityListViewControllerSetup.swift */; };
		16D6536927A10F0C00716509 /* CityListTableViewCell.swift in Sources */ = {isa = PBXBuildFile; fileRef = 16D6536827A10F0C00716509 /* CityListTableViewCell.swift */; };
		16D6536C27A110B300716509 /* CityListTableViewDataSource.swift in Sources */ = {isa = PBXBuildFile; fileRef = 16D6536B27A110B300716509 /* CityListTableViewDataSource.swift */; };
		16D6536F27A110CB00716509 /* CityListTableViewDelegate.swift in Sources */ = {isa = PBXBuildFile; fileRef = 16D6536E27A110CB00716509 /* CityListTableViewDelegate.swift */; };
/* End PBXBuildFile section */

/* Begin PBXFileReference section */
		1630261A27A324A6000818DE /* NetworkMonitor.swift */ = {isa = PBXFileReference; lastKnownFileType = sourcecode.swift; path = NetworkMonitor.swift; sourceTree = "<group>"; };
		1633974D27A1178F00771895 /* OpenWeatherAPIClient.swift */ = {isa = PBXFileReference; lastKnownFileType = sourcecode.swift; path = OpenWeatherAPIClient.swift; sourceTree = "<group>"; };
		1633974F27A11BFB00771895 /* APIResponseError.swift */ = {isa = PBXFileReference; lastKnownFileType = sourcecode.swift; path = APIResponseError.swift; sourceTree = "<group>"; };
		1633975227A1289900771895 /* CurrentWeatherViewModel.swift */ = {isa = PBXFileReference; lastKnownFileType = sourcecode.swift; path = CurrentWeatherViewModel.swift; sourceTree = "<group>"; };
		1633975427A12B0F00771895 /* City.swift */ = {isa = PBXFileReference; lastKnownFileType = sourcecode.swift; path = City.swift; sourceTree = "<group>"; };
		1633975627A12E3700771895 /* supporting-city-list.json */ = {isa = PBXFileReference; fileEncoding = 4; lastKnownFileType = text.json; path = "supporting-city-list.json"; sourceTree = "<group>"; };
		1649DA3927A3DB3800FEC2F4 /* CurrentWeatherViewModelDelegate.swift */ = {isa = PBXFileReference; lastKnownFileType = sourcecode.swift; path = CurrentWeatherViewModelDelegate.swift; sourceTree = "<group>"; };
		1649DA3B27A4193800FEC2F4 /* ForecastViewControllerAction.swift */ = {isa = PBXFileReference; lastKnownFileType = sourcecode.swift; path = ForecastViewControllerAction.swift; sourceTree = "<group>"; };
		1649DA3D27A44F4900FEC2F4 /* ForecastViewModelDelegate.swift */ = {isa = PBXFileReference; lastKnownFileType = sourcecode.swift; path = ForecastViewModelDelegate.swift; sourceTree = "<group>"; };
		16CA8D0627A191C400871E9E /* WeatherGraphView.swift */ = {isa = PBXFileReference; lastKnownFileType = sourcecode.swift; path = WeatherGraphView.swift; sourceTree = "<group>"; };
		16CA8D0827A1A98800871E9E /* ForecastViewModel.swift */ = {isa = PBXFileReference; lastKnownFileType = sourcecode.swift; path = ForecastViewModel.swift; sourceTree = "<group>"; };
		16CA8D0B27A1AE5900871E9E /* ForecastViewControllerSetup.swift */ = {isa = PBXFileReference; lastKnownFileType = sourcecode.swift; path = ForecastViewControllerSetup.swift; sourceTree = "<group>"; };
		16CA8D0E27A272B800871E9E /* UserDefaultsKey.swift */ = {isa = PBXFileReference; lastKnownFileType = sourcecode.swift; path = UserDefaultsKey.swift; sourceTree = "<group>"; };
		16D6506327A154A7005DCEDB /* DetailedWeatherViewController.swift */ = {isa = PBXFileReference; lastKnownFileType = sourcecode.swift; path = DetailedWeatherViewController.swift; sourceTree = "<group>"; };
		16D6506527A154D0005DCEDB /* DetailedWeatherViewController.storyboard */ = {isa = PBXFileReference; lastKnownFileType = file.storyboard; path = DetailedWeatherViewController.storyboard; sourceTree = "<group>"; };
		16D6506827A16026005DCEDB /* DetailedWeatherTableViewDatasource.swift */ = {isa = PBXFileReference; lastKnownFileType = sourcecode.swift; path = DetailedWeatherTableViewDatasource.swift; sourceTree = "<group>"; };
		16D6506B27A1608D005DCEDB /* DetailedWeatherViewControllerSetup.swift */ = {isa = PBXFileReference; lastKnownFileType = sourcecode.swift; path = DetailedWeatherViewControllerSetup.swift; sourceTree = "<group>"; };
		16D6506D27A160FC005DCEDB /* DetailedWeatherInfoCell.swift */ = {isa = PBXFileReference; lastKnownFileType = sourcecode.swift; path = DetailedWeatherInfoCell.swift; sourceTree = "<group>"; };
		16D6506F27A162A3005DCEDB /* CurrentWeatherTableViewCell.swift */ = {isa = PBXFileReference; lastKnownFileType = sourcecode.swift; path = CurrentWeatherTableViewCell.swift; sourceTree = "<group>"; };
		16D6507127A167F7005DCEDB /* DetailedWeatherTableViewDelegate.swift */ = {isa = PBXFileReference; lastKnownFileType = sourcecode.swift; path = DetailedWeatherTableViewDelegate.swift; sourceTree = "<group>"; };
		16D6507327A1855D005DCEDB /* CityListViewControllerAction.swift */ = {isa = PBXFileReference; lastKnownFileType = sourcecode.swift; path = CityListViewControllerAction.swift; sourceTree = "<group>"; };
		16D6507627A188B5005DCEDB /* ForecastViewController.swift */ = {isa = PBXFileReference; lastKnownFileType = sourcecode.swift; path = ForecastViewController.swift; sourceTree = "<group>"; };
		16D6507827A188C1005DCEDB /* ForecastViewController.storyboard */ = {isa = PBXFileReference; lastKnownFileType = file.storyboard; path = ForecastViewController.storyboard; sourceTree = "<group>"; };
		16D6534327A0E83900716509 /* How'sTheWeather.app */ = {isa = PBXFileReference; explicitFileType = wrapper.application; includeInIndex = 0; path = "How'sTheWeather.app"; sourceTree = BUILT_PRODUCTS_DIR; };
		16D6534627A0E83900716509 /* AppDelegate.swift */ = {isa = PBXFileReference; lastKnownFileType = sourcecode.swift; path = AppDelegate.swift; sourceTree = "<group>"; };
		16D6534827A0E83900716509 /* SceneDelegate.swift */ = {isa = PBXFileReference; lastKnownFileType = sourcecode.swift; path = SceneDelegate.swift; sourceTree = "<group>"; };
		16D6534D27A0E83900716509 /* Base */ = {isa = PBXFileReference; lastKnownFileType = file.storyboard; name = Base; path = Base.lproj/Main.storyboard; sourceTree = "<group>"; };
		16D6534F27A0E83A00716509 /* Assets.xcassets */ = {isa = PBXFileReference; lastKnownFileType = folder.assetcatalog; path = Assets.xcassets; sourceTree = "<group>"; };
		16D6535227A0E83A00716509 /* Base */ = {isa = PBXFileReference; lastKnownFileType = file.storyboard; name = Base; path = Base.lproj/LaunchScreen.storyboard; sourceTree = "<group>"; };
		16D6535427A0E83A00716509 /* Info.plist */ = {isa = PBXFileReference; lastKnownFileType = text.plist.xml; path = Info.plist; sourceTree = "<group>"; };
		16D6535D27A0EFA500716509 /* CityListViewController.swift */ = {isa = PBXFileReference; lastKnownFileType = sourcecode.swift; path = CityListViewController.swift; sourceTree = "<group>"; };
		16D6536027A0F87100716509 /* APIResponse.swift */ = {isa = PBXFileReference; lastKnownFileType = sourcecode.swift; path = APIResponse.swift; sourceTree = "<group>"; };
		16D6536427A10E9A00716509 /* CityListViewControllerSetup.swift */ = {isa = PBXFileReference; lastKnownFileType = sourcecode.swift; path = CityListViewControllerSetup.swift; sourceTree = "<group>"; };
		16D6536827A10F0C00716509 /* CityListTableViewCell.swift */ = {isa = PBXFileReference; lastKnownFileType = sourcecode.swift; path = CityListTableViewCell.swift; sourceTree = "<group>"; };
		16D6536B27A110B300716509 /* CityListTableViewDataSource.swift */ = {isa = PBXFileReference; lastKnownFileType = sourcecode.swift; path = CityListTableViewDataSource.swift; sourceTree = "<group>"; };
		16D6536E27A110CB00716509 /* CityListTableViewDelegate.swift */ = {isa = PBXFileReference; lastKnownFileType = sourcecode.swift; path = CityListTableViewDelegate.swift; sourceTree = "<group>"; };
/* End PBXFileReference section */

/* Begin PBXFrameworksBuildPhase section */
		16D6534027A0E83900716509 /* Frameworks */ = {
			isa = PBXFrameworksBuildPhase;
			buildActionMask = 2147483647;
			files = (
			);
			runOnlyForDeploymentPostprocessing = 0;
		};
/* End PBXFrameworksBuildPhase section */

/* Begin PBXGroup section */
		1630261927A3072B000818DE /* Graph */ = {
			isa = PBXGroup;
			children = (
				16CA8D0627A191C400871E9E /* WeatherGraphView.swift */,
			);
			path = Graph;
			sourceTree = "<group>";
		};
		1633975127A11C2300771895 /* ViewModel */ = {
			isa = PBXGroup;
			children = (
				1633975227A1289900771895 /* CurrentWeatherViewModel.swift */,
				16CA8D0827A1A98800871E9E /* ForecastViewModel.swift */,
			);
			path = ViewModel;
			sourceTree = "<group>";
		};
		1633975827A1542C00771895 /* DetailedCurrentWeatherViewController */ = {
			isa = PBXGroup;
			children = (
				16D6506727A16002005DCEDB /* Extension */,
				16D6506327A154A7005DCEDB /* DetailedWeatherViewController.swift */,
				16D6506527A154D0005DCEDB /* DetailedWeatherViewController.storyboard */,
			);
			path = DetailedCurrentWeatherViewController;
			sourceTree = "<group>";
		};
		16CA8D0A27A1ACCB00871E9E /* Extension */ = {
			isa = PBXGroup;
			children = (
				16CA8D0B27A1AE5900871E9E /* ForecastViewControllerSetup.swift */,
				1649DA3B27A4193800FEC2F4 /* ForecastViewControllerAction.swift */,
				1649DA3D27A44F4900FEC2F4 /* ForecastViewModelDelegate.swift */,
			);
			path = Extension;
			sourceTree = "<group>";
		};
		16CA8D0D27A2322700871E9E /* Common */ = {
			isa = PBXGroup;
			children = (
				16CA8D0E27A272B800871E9E /* UserDefaultsKey.swift */,
			);
			path = Common;
			sourceTree = "<group>";
		};
		16D6506727A16002005DCEDB /* Extension */ = {
			isa = PBXGroup;
			children = (
				16D6506B27A1608D005DCEDB /* DetailedWeatherViewControllerSetup.swift */,
				16D6506827A16026005DCEDB /* DetailedWeatherTableViewDatasource.swift */,
				16D6507127A167F7005DCEDB /* DetailedWeatherTableViewDelegate.swift */,
			);
			path = Extension;
			sourceTree = "<group>";
		};
		16D6507527A1889C005DCEDB /* ForecastViewController */ = {
			isa = PBXGroup;
			children = (
				16CA8D0A27A1ACCB00871E9E /* Extension */,
				16D6507627A188B5005DCEDB /* ForecastViewController.swift */,
				16D6507827A188C1005DCEDB /* ForecastViewController.storyboard */,
			);
			path = ForecastViewController;
			sourceTree = "<group>";
		};
		16D6507A27A190BC005DCEDB /* Cell */ = {
			isa = PBXGroup;
			children = (
				16D6536827A10F0C00716509 /* CityListTableViewCell.swift */,
				16D6506D27A160FC005DCEDB /* DetailedWeatherInfoCell.swift */,
				16D6506F27A162A3005DCEDB /* CurrentWeatherTableViewCell.swift */,
			);
			path = Cell;
			sourceTree = "<group>";
		};
		16D6533A27A0E83900716509 = {
			isa = PBXGroup;
			children = (
				16D6535A27A0EB7500716509 /* AppDelegate */,
				16D6535F27A0F60200716509 /* Model */,
				16D6536727A10EE100716509 /* View */,
				1633975127A11C2300771895 /* ViewModel */,
				16D6537327A1174800716509 /* Networking */,
				16CA8D0D27A2322700871E9E /* Common */,
				16D6534527A0E83900716509 /* How'sTheWeather */,
				16D6534427A0E83900716509 /* Products */,
			);
			sourceTree = "<group>";
		};
		16D6534427A0E83900716509 /* Products */ = {
			isa = PBXGroup;
			children = (
				16D6534327A0E83900716509 /* How'sTheWeather.app */,
			);
			name = Products;
			sourceTree = "<group>";
		};
		16D6534527A0E83900716509 /* How'sTheWeather */ = {
			isa = PBXGroup;
			children = (
				16D6534F27A0E83A00716509 /* Assets.xcassets */,
				1633975627A12E3700771895 /* supporting-city-list.json */,
				16D6535127A0E83A00716509 /* LaunchScreen.storyboard */,
				16D6535427A0E83A00716509 /* Info.plist */,
			);
			path = "How'sTheWeather";
			sourceTree = "<group>";
		};
		16D6535A27A0EB7500716509 /* AppDelegate */ = {
			isa = PBXGroup;
			children = (
				16D6534627A0E83900716509 /* AppDelegate.swift */,
				16D6534827A0E83900716509 /* SceneDelegate.swift */,
				16D6534C27A0E83900716509 /* Main.storyboard */,
			);
			path = AppDelegate;
			sourceTree = "<group>";
		};
		16D6535B27A0EF2100716509 /* CityListViewController */ = {
			isa = PBXGroup;
			children = (
				16D6536327A10E8100716509 /* Extension */,
				16D6535D27A0EFA500716509 /* CityListViewController.swift */,
			);
			path = CityListViewController;
			sourceTree = "<group>";
		};
		16D6535F27A0F60200716509 /* Model */ = {
			isa = PBXGroup;
			children = (
				16D6536027A0F87100716509 /* APIResponse.swift */,
				1633975427A12B0F00771895 /* City.swift */,
			);
			path = Model;
			sourceTree = "<group>";
		};
		16D6536327A10E8100716509 /* Extension */ = {
			isa = PBXGroup;
			children = (
				1649DA3927A3DB3800FEC2F4 /* CurrentWeatherViewModelDelegate.swift */,
				16D6536E27A110CB00716509 /* CityListTableViewDelegate.swift */,
				16D6536B27A110B300716509 /* CityListTableViewDataSource.swift */,
				16D6507327A1855D005DCEDB /* CityListViewControllerAction.swift */,
				16D6536427A10E9A00716509 /* CityListViewControllerSetup.swift */,
			);
			path = Extension;
			sourceTree = "<group>";
		};
		16D6536727A10EE100716509 /* View */ = {
			isa = PBXGroup;
			children = (
				16D6507A27A190BC005DCEDB /* Cell */,
				16D6537027A1167000716509 /* ViewController */,
				1630261927A3072B000818DE /* Graph */,
			);
			path = View;
			sourceTree = "<group>";
		};
		16D6537027A1167000716509 /* ViewController */ = {
			isa = PBXGroup;
			children = (
				16D6507527A1889C005DCEDB /* ForecastViewController */,
				1633975827A1542C00771895 /* DetailedCurrentWeatherViewController */,
				16D6535B27A0EF2100716509 /* CityListViewController */,
			);
			path = ViewController;
			sourceTree = "<group>";
		};
		16D6537327A1174800716509 /* Networking */ = {
			isa = PBXGroup;
			children = (
				1633974D27A1178F00771895 /* OpenWeatherAPIClient.swift */,
				1633974F27A11BFB00771895 /* APIResponseError.swift */,
				1630261A27A324A6000818DE /* NetworkMonitor.swift */,
			);
			path = Networking;
			sourceTree = "<group>";
		};
/* End PBXGroup section */

/* Begin PBXNativeTarget section */
		16D6534227A0E83900716509 /* How'sTheWeather */ = {
			isa = PBXNativeTarget;
			buildConfigurationList = 16D6535727A0E83A00716509 /* Build configuration list for PBXNativeTarget "How'sTheWeather" */;
			buildPhases = (
				16D6533F27A0E83900716509 /* Sources */,
				16D6534027A0E83900716509 /* Frameworks */,
				16D6534127A0E83900716509 /* Resources */,
			);
			buildRules = (
			);
			dependencies = (
			);
			name = "How'sTheWeather";
			productName = "How'sTheWeather";
			productReference = 16D6534327A0E83900716509 /* How'sTheWeather.app */;
			productType = "com.apple.product-type.application";
		};
/* End PBXNativeTarget section */

/* Begin PBXProject section */
		16D6533B27A0E83900716509 /* Project object */ = {
			isa = PBXProject;
			attributes = {
				BuildIndependentTargetsInParallel = 1;
				LastSwiftUpdateCheck = 1320;
				LastUpgradeCheck = 1320;
				TargetAttributes = {
					16D6534227A0E83900716509 = {
						CreatedOnToolsVersion = 13.2.1;
					};
				};
			};
			buildConfigurationList = 16D6533E27A0E83900716509 /* Build configuration list for PBXProject "How'sTheWeather" */;
			compatibilityVersion = "Xcode 13.0";
			developmentRegion = en;
			hasScannedForEncodings = 0;
			knownRegions = (
				en,
				Base,
			);
			mainGroup = 16D6533A27A0E83900716509;
			productRefGroup = 16D6534427A0E83900716509 /* Products */;
			projectDirPath = "";
			projectRoot = "";
			targets = (
				16D6534227A0E83900716509 /* How'sTheWeather */,
			);
		};
/* End PBXProject section */

/* Begin PBXResourcesBuildPhase section */
		16D6534127A0E83900716509 /* Resources */ = {
			isa = PBXResourcesBuildPhase;
			buildActionMask = 2147483647;
			files = (
				16D6535327A0E83A00716509 /* LaunchScreen.storyboard in Resources */,
				16D6535027A0E83A00716509 /* Assets.xcassets in Resources */,
				16D6507927A188C1005DCEDB /* ForecastViewController.storyboard in Resources */,
				16D6534E27A0E83900716509 /* Main.storyboard in Resources */,
				1633975727A12E3700771895 /* supporting-city-list.json in Resources */,
				16D6506627A154D0005DCEDB /* DetailedWeatherViewController.storyboard in Resources */,
			);
			runOnlyForDeploymentPostprocessing = 0;
		};
/* End PBXResourcesBuildPhase section */

/* Begin PBXSourcesBuildPhase section */
		16D6533F27A0E83900716509 /* Sources */ = {
			isa = PBXSourcesBuildPhase;
			buildActionMask = 2147483647;
			files = (
				16CA8D0F27A272B800871E9E /* UserDefaultsKey.swift in Sources */,
				16D6506E27A160FC005DCEDB /* DetailedWeatherInfoCell.swift in Sources */,
				1633975027A11BFB00771895 /* APIResponseError.swift in Sources */,
				16D6534727A0E83900716509 /* AppDelegate.swift in Sources */,
				1649DA3C27A4193800FEC2F4 /* ForecastViewControllerAction.swift in Sources */,
				1633975527A12B0F00771895 /* City.swift in Sources */,
				16D6506927A16026005DCEDB /* DetailedWeatherTableViewDatasource.swift in Sources */,
				16D6536127A0F87100716509 /* APIResponse.swift in Sources */,
				16D6536527A10E9A00716509 /* CityListViewControllerSetup.swift in Sources */,
				16D6536C27A110B300716509 /* CityListTableViewDataSource.swift in Sources */,
				16D6506C27A1608D005DCEDB /* DetailedWeatherViewControllerSetup.swift in Sources */,
				1633974E27A1178F00771895 /* OpenWeatherAPIClient.swift in Sources */,
				16D6506427A154A7005DCEDB /* DetailedWeatherViewController.swift in Sources */,
				1630261B27A324A6000818DE /* NetworkMonitor.swift in Sources */,
				16D6534927A0E83900716509 /* SceneDelegate.swift in Sources */,
				1649DA3A27A3DB3800FEC2F4 /* CurrentWeatherViewModelDelegate.swift in Sources */,
				16D6536F27A110CB00716509 /* CityListTableViewDelegate.swift in Sources */,
				16D6507227A167F7005DCEDB /* DetailedWeatherTableViewDelegate.swift in Sources */,
				16D6507027A162A3005DCEDB /* CurrentWeatherTableViewCell.swift in Sources */,
				16CA8D0C27A1AE5900871E9E /* ForecastViewControllerSetup.swift in Sources */,
				16D6536927A10F0C00716509 /* CityListTableViewCell.swift in Sources */,
				16D6507427A1855D005DCEDB /* CityListViewControllerAction.swift in Sources */,
				16CA8D0927A1A98800871E9E /* ForecastViewModel.swift in Sources */,
				16CA8D0727A191C400871E9E /* WeatherGraphView.swift in Sources */,
				1649DA3E27A44F4900FEC2F4 /* ForecastViewModelDelegate.swift in Sources */,
				16D6507727A188B5005DCEDB /* ForecastViewController.swift in Sources */,
				16D6535E27A0EFA500716509 /* CityListViewController.swift in Sources */,
				1633975327A1289900771895 /* CurrentWeatherViewModel.swift in Sources */,
			);
			runOnlyForDeploymentPostprocessing = 0;
		};
/* End PBXSourcesBuildPhase section */

/* Begin PBXVariantGroup section */
		16D6534C27A0E83900716509 /* Main.storyboard */ = {
			isa = PBXVariantGroup;
			children = (
				16D6534D27A0E83900716509 /* Base */,
			);
			name = Main.storyboard;
			sourceTree = "<group>";
		};
		16D6535127A0E83A00716509 /* LaunchScreen.storyboard */ = {
			isa = PBXVariantGroup;
			children = (
				16D6535227A0E83A00716509 /* Base */,
			);
			name = LaunchScreen.storyboard;
			sourceTree = "<group>";
		};
/* End PBXVariantGroup section */

/* Begin XCBuildConfiguration section */
		16D6535527A0E83A00716509 /* Debug */ = {
			isa = XCBuildConfiguration;
			buildSettings = {
				ALWAYS_SEARCH_USER_PATHS = NO;
				CLANG_ANALYZER_NONNULL = YES;
				CLANG_ANALYZER_NUMBER_OBJECT_CONVERSION = YES_AGGRESSIVE;
				CLANG_CXX_LANGUAGE_STANDARD = "gnu++17";
				CLANG_CXX_LIBRARY = "libc++";
				CLANG_ENABLE_MODULES = YES;
				CLANG_ENABLE_OBJC_ARC = YES;
				CLANG_ENABLE_OBJC_WEAK = YES;
				CLANG_WARN_BLOCK_CAPTURE_AUTORELEASING = YES;
				CLANG_WARN_BOOL_CONVERSION = YES;
				CLANG_WARN_COMMA = YES;
				CLANG_WARN_CONSTANT_CONVERSION = YES;
				CLANG_WARN_DEPRECATED_OBJC_IMPLEMENTATIONS = YES;
				CLANG_WARN_DIRECT_OBJC_ISA_USAGE = YES_ERROR;
				CLANG_WARN_DOCUMENTATION_COMMENTS = YES;
				CLANG_WARN_EMPTY_BODY = YES;
				CLANG_WARN_ENUM_CONVERSION = YES;
				CLANG_WARN_INFINITE_RECURSION = YES;
				CLANG_WARN_INT_CONVERSION = YES;
				CLANG_WARN_NON_LITERAL_NULL_CONVERSION = YES;
				CLANG_WARN_OBJC_IMPLICIT_RETAIN_SELF = YES;
				CLANG_WARN_OBJC_LITERAL_CONVERSION = YES;
				CLANG_WARN_OBJC_ROOT_CLASS = YES_ERROR;
				CLANG_WARN_QUOTED_INCLUDE_IN_FRAMEWORK_HEADER = YES;
				CLANG_WARN_RANGE_LOOP_ANALYSIS = YES;
				CLANG_WARN_STRICT_PROTOTYPES = YES;
				CLANG_WARN_SUSPICIOUS_MOVE = YES;
				CLANG_WARN_UNGUARDED_AVAILABILITY = YES_AGGRESSIVE;
				CLANG_WARN_UNREACHABLE_CODE = YES;
				CLANG_WARN__DUPLICATE_METHOD_MATCH = YES;
				COPY_PHASE_STRIP = NO;
				DEBUG_INFORMATION_FORMAT = dwarf;
				ENABLE_STRICT_OBJC_MSGSEND = YES;
				ENABLE_TESTABILITY = YES;
				GCC_C_LANGUAGE_STANDARD = gnu11;
				GCC_DYNAMIC_NO_PIC = NO;
				GCC_NO_COMMON_BLOCKS = YES;
				GCC_OPTIMIZATION_LEVEL = 0;
				GCC_PREPROCESSOR_DEFINITIONS = (
					"DEBUG=1",
					"$(inherited)",
				);
				GCC_WARN_64_TO_32_BIT_CONVERSION = YES;
				GCC_WARN_ABOUT_RETURN_TYPE = YES_ERROR;
				GCC_WARN_UNDECLARED_SELECTOR = YES;
				GCC_WARN_UNINITIALIZED_AUTOS = YES_AGGRESSIVE;
				GCC_WARN_UNUSED_FUNCTION = YES;
				GCC_WARN_UNUSED_VARIABLE = YES;
				IPHONEOS_DEPLOYMENT_TARGET = 15.2;
				MTL_ENABLE_DEBUG_INFO = INCLUDE_SOURCE;
				MTL_FAST_MATH = YES;
				ONLY_ACTIVE_ARCH = YES;
				SDKROOT = iphoneos;
				SWIFT_ACTIVE_COMPILATION_CONDITIONS = DEBUG;
				SWIFT_OPTIMIZATION_LEVEL = "-Onone";
			};
			name = Debug;
		};
		16D6535627A0E83A00716509 /* Release */ = {
			isa = XCBuildConfiguration;
			buildSettings = {
				ALWAYS_SEARCH_USER_PATHS = NO;
				CLANG_ANALYZER_NONNULL = YES;
				CLANG_ANALYZER_NUMBER_OBJECT_CONVERSION = YES_AGGRESSIVE;
				CLANG_CXX_LANGUAGE_STANDARD = "gnu++17";
				CLANG_CXX_LIBRARY = "libc++";
				CLANG_ENABLE_MODULES = YES;
				CLANG_ENABLE_OBJC_ARC = YES;
				CLANG_ENABLE_OBJC_WEAK = YES;
				CLANG_WARN_BLOCK_CAPTURE_AUTORELEASING = YES;
				CLANG_WARN_BOOL_CONVERSION = YES;
				CLANG_WARN_COMMA = YES;
				CLANG_WARN_CONSTANT_CONVERSION = YES;
				CLANG_WARN_DEPRECATED_OBJC_IMPLEMENTATIONS = YES;
				CLANG_WARN_DIRECT_OBJC_ISA_USAGE = YES_ERROR;
				CLANG_WARN_DOCUMENTATION_COMMENTS = YES;
				CLANG_WARN_EMPTY_BODY = YES;
				CLANG_WARN_ENUM_CONVERSION = YES;
				CLANG_WARN_INFINITE_RECURSION = YES;
				CLANG_WARN_INT_CONVERSION = YES;
				CLANG_WARN_NON_LITERAL_NULL_CONVERSION = YES;
				CLANG_WARN_OBJC_IMPLICIT_RETAIN_SELF = YES;
				CLANG_WARN_OBJC_LITERAL_CONVERSION = YES;
				CLANG_WARN_OBJC_ROOT_CLASS = YES_ERROR;
				CLANG_WARN_QUOTED_INCLUDE_IN_FRAMEWORK_HEADER = YES;
				CLANG_WARN_RANGE_LOOP_ANALYSIS = YES;
				CLANG_WARN_STRICT_PROTOTYPES = YES;
				CLANG_WARN_SUSPICIOUS_MOVE = YES;
				CLANG_WARN_UNGUARDED_AVAILABILITY = YES_AGGRESSIVE;
				CLANG_WARN_UNREACHABLE_CODE = YES;
				CLANG_WARN__DUPLICATE_METHOD_MATCH = YES;
				COPY_PHASE_STRIP = NO;
				DEBUG_INFORMATION_FORMAT = "dwarf-with-dsym";
				ENABLE_NS_ASSERTIONS = NO;
				ENABLE_STRICT_OBJC_MSGSEND = YES;
				GCC_C_LANGUAGE_STANDARD = gnu11;
				GCC_NO_COMMON_BLOCKS = YES;
				GCC_WARN_64_TO_32_BIT_CONVERSION = YES;
				GCC_WARN_ABOUT_RETURN_TYPE = YES_ERROR;
				GCC_WARN_UNDECLARED_SELECTOR = YES;
				GCC_WARN_UNINITIALIZED_AUTOS = YES_AGGRESSIVE;
				GCC_WARN_UNUSED_FUNCTION = YES;
				GCC_WARN_UNUSED_VARIABLE = YES;
				IPHONEOS_DEPLOYMENT_TARGET = 15.2;
				MTL_ENABLE_DEBUG_INFO = NO;
				MTL_FAST_MATH = YES;
				SDKROOT = iphoneos;
				SWIFT_COMPILATION_MODE = wholemodule;
				SWIFT_OPTIMIZATION_LEVEL = "-O";
				VALIDATE_PRODUCT = YES;
			};
			name = Release;
		};
		16D6535827A0E83A00716509 /* Debug */ = {
			isa = XCBuildConfiguration;
			buildSettings = {
				ASSETCATALOG_COMPILER_APPICON_NAME = AppIcon;
				ASSETCATALOG_COMPILER_GLOBAL_ACCENT_COLOR_NAME = AccentColor;
				CODE_SIGN_STYLE = Automatic;
				CURRENT_PROJECT_VERSION = 1;
				DEVELOPMENT_TEAM = Y2RWZF749M;
				GENERATE_INFOPLIST_FILE = YES;
				INFOPLIST_FILE = "How'sTheWeather/Info.plist";
				INFOPLIST_KEY_UIApplicationSupportsIndirectInputEvents = YES;
				INFOPLIST_KEY_UILaunchStoryboardName = LaunchScreen;
				INFOPLIST_KEY_UIMainStoryboardFile = Main;
				INFOPLIST_KEY_UISupportedInterfaceOrientations_iPad = "UIInterfaceOrientationPortrait UIInterfaceOrientationPortraitUpsideDown UIInterfaceOrientationLandscapeLeft UIInterfaceOrientationLandscapeRight";
				INFOPLIST_KEY_UISupportedInterfaceOrientations_iPhone = "UIInterfaceOrientationPortrait UIInterfaceOrientationLandscapeLeft UIInterfaceOrientationLandscapeRight";
				LD_RUNPATH_SEARCH_PATHS = (
					"$(inherited)",
					"@executable_path/Frameworks",
				);
				MARKETING_VERSION = 1.0;
				PRODUCT_BUNDLE_IDENTIFIER = "com.samsamilsa.How-sTheWeather";
				PRODUCT_NAME = "$(TARGET_NAME)";
				SWIFT_EMIT_LOC_STRINGS = YES;
				SWIFT_VERSION = 5.0;
				TARGETED_DEVICE_FAMILY = "1,2";
			};
			name = Debug;
		};
		16D6535927A0E83A00716509 /* Release */ = {
			isa = XCBuildConfiguration;
			buildSettings = {
				ASSETCATALOG_COMPILER_APPICON_NAME = AppIcon;
				ASSETCATALOG_COMPILER_GLOBAL_ACCENT_COLOR_NAME = AccentColor;
				CODE_SIGN_STYLE = Automatic;
				CURRENT_PROJECT_VERSION = 1;
				DEVELOPMENT_TEAM = Y2RWZF749M;
				GENERATE_INFOPLIST_FILE = YES;
				INFOPLIST_FILE = "How'sTheWeather/Info.plist";
				INFOPLIST_KEY_UIApplicationSupportsIndirectInputEvents = YES;
				INFOPLIST_KEY_UILaunchStoryboardName = LaunchScreen;
				INFOPLIST_KEY_UIMainStoryboardFile = Main;
				INFOPLIST_KEY_UISupportedInterfaceOrientations_iPad = "UIInterfaceOrientationPortrait UIInterfaceOrientationPortraitUpsideDown UIInterfaceOrientationLandscapeLeft UIInterfaceOrientationLandscapeRight";
				INFOPLIST_KEY_UISupportedInterfaceOrientations_iPhone = "UIInterfaceOrientationPortrait UIInterfaceOrientationLandscapeLeft UIInterfaceOrientationLandscapeRight";
				LD_RUNPATH_SEARCH_PATHS = (
					"$(inherited)",
					"@executable_path/Frameworks",
				);
				MARKETING_VERSION = 1.0;
				PRODUCT_BUNDLE_IDENTIFIER = "com.samsamilsa.How-sTheWeather";
				PRODUCT_NAME = "$(TARGET_NAME)";
				SWIFT_EMIT_LOC_STRINGS = YES;
				SWIFT_VERSION = 5.0;
				TARGETED_DEVICE_FAMILY = "1,2";
			};
			name = Release;
		};
/* End XCBuildConfiguration section */

/* Begin XCConfigurationList section */
		16D6533E27A0E83900716509 /* Build configuration list for PBXProject "How'sTheWeather" */ = {
			isa = XCConfigurationList;
			buildConfigurations = (
				16D6535527A0E83A00716509 /* Debug */,
				16D6535627A0E83A00716509 /* Release */,
			);
			defaultConfigurationIsVisible = 0;
			defaultConfigurationName = Release;
		};
		16D6535727A0E83A00716509 /* Build configuration list for PBXNativeTarget "How'sTheWeather" */ = {
			isa = XCConfigurationList;
			buildConfigurations = (
				16D6535827A0E83A00716509 /* Debug */,
				16D6535927A0E83A00716509 /* Release */,
			);
			defaultConfigurationIsVisible = 0;
			defaultConfigurationName = Release;
		};
/* End XCConfigurationList section */
	};
	rootObject = 16D6533B27A0E83900716509 /* Project object */;
}
